
Microsoft Visual Studio Solution File, Format Version 12.00
# Visual Studio 15
VisualStudioVersion = 15.0.28307.136
MinimumVisualStudioVersion = 10.0.40219.1
Project("{F2A71F9B-5D33-465A-A702-920D77279786}") = "SuggestionApp", "SuggestionApp\SuggestionApp.fsproj", "{F4452F9B-738B-41DF-8F99-74044C49039B}"
EndProject
Global
	GlobalSection(SolutionConfigurationPlatforms) = preSolution
		Debug|Any CPU = Debug|Any CPU
		Release|Any CPU = Release|Any CPU
	EndGlobalSection
	GlobalSection(ProjectConfigurationPlatforms) = postSolution
		{F4452F9B-738B-41DF-8F99-74044C49039B}.Debug|Any CPU.ActiveCfg = Debug|Any CPU
		{F4452F9B-738B-41DF-8F99-74044C49039B}.Debug|Any CPU.Build.0 = Debug|Any CPU
		{F4452F9B-738B-41DF-8F99-74044C49039B}.Release|Any CPU.ActiveCfg = Release|Any CPU
		{F4452F9B-738B-41DF-8F99-74044C49039B}.Release|Any CPU.Build.0 = Release|Any CPU
	EndGlobalSection
	GlobalSection(SolutionProperties) = preSolution
		HideSolutionNode = FALSE
	EndGlobalSection
	GlobalSection(ExtensibilityGlobals) = postSolution
		SolutionGuid = {892E8CCE-5D67-445C-8201-5E2E724E8DC6}
	EndGlobalSection
EndGlobal
